
Microsoft Visual Studio Solution File, Format Version 12.00
# Visual Studio 14
VisualStudioVersion = 14.0.25123.0
MinimumVisualStudioVersion = 10.0.40219.1
Project("{2150E333-8FDC-42A3-9474-1A3956D46DE8}") = "Web", "Web", "{5791754B-0D3E-4294-955B-DF85326A0D15}"
EndProject
Project("{2150E333-8FDC-42A3-9474-1A3956D46DE8}") = "Datos", "Datos", "{7A72C242-BB7F-4346-91EA-A73BE06D6FBC}"
EndProject
Project("{2150E333-8FDC-42A3-9474-1A3956D46DE8}") = "Modelo", "Modelo", "{E15D6614-382F-47FF-85FA-F9F21FBF9D94}"
EndProject
Project("{2150E333-8FDC-42A3-9474-1A3956D46DE8}") = "Servicios", "Servicios", "{D3AEDE6C-7570-4D2C-B451-75EB8F0A3DEC}"
EndProject
Project("{2150E333-8FDC-42A3-9474-1A3956D46DE8}") = "Empresa", "Empresa", "{EAA78ECE-E3C2-4881-8C38-EF43C1391D29}"
EndProject
Project("{2150E333-8FDC-42A3-9474-1A3956D46DE8}") = "Empresa", "Empresa", "{2E5F5686-D31F-44FD-B0A9-A94240067AAF}"
EndProject
Project("{2150E333-8FDC-42A3-9474-1A3956D46DE8}") = "Dominio", "Dominio", "{BE1F89F9-8EBD-4013-B936-78ADCCB26B4F}"
EndProject
Project("{2150E333-8FDC-42A3-9474-1A3956D46DE8}") = "Empresa", "Empresa", "{D0C06357-48C7-4889-8D8B-0FE8B02C9054}"
EndProject
Project("{FAE04EC0-301F-11D3-BF4B-00C04F79EFBC}") = "RUV.Convivencia.Datos.Empresa", "Datos\Empresa\RUV.Convivencia.Datos.Empresa\RUV.Convivencia.Datos.Empresa.csproj", "{1E0DF885-339B-4582-BFA1-750B09D2402A}"
EndProject
Project("{FAE04EC0-301F-11D3-BF4B-00C04F79EFBC}") = "RUV.Convivencia.Dominio.Empresa", "Dominio\Empresa\RUV.Convivencia.Dominio.Empresa\RUV.Convivencia.Dominio.Empresa.csproj", "{C9A21F51-6BF0-463D-9004-8E062A75DB3B}"
EndProject
Project("{FAE04EC0-301F-11D3-BF4B-00C04F79EFBC}") = "RUV.Convivencia.Modelo.Empresa", "Modelo\Empresa\RUV.Convivencia.Modelo.Empresa\RUV.Convivencia.Modelo.Empresa.csproj", "{F70D23AA-0CAC-4962-9C0A-2A687E481D41}"
EndProject
Project("{2150E333-8FDC-42A3-9474-1A3956D46DE8}") = "Empresa", "Empresa", "{9C94F86B-0690-42C6-9830-D700E4B50DC6}"
EndProject
Project("{FAE04EC0-301F-11D3-BF4B-00C04F79EFBC}") = "RUV.Convivencia.Web.Empresa", "Web\Empresa\RUV.Convivencia.Web.Empresa\RUV.Convivencia.Web.Empresa.csproj", "{6FFB6695-A030-4AB3-BA08-D365F676B20C}"
EndProject
Global
	GlobalSection(SolutionConfigurationPlatforms) = preSolution
		Debug|Any CPU = Debug|Any CPU
		Release|Any CPU = Release|Any CPU
	EndGlobalSection
	GlobalSection(ProjectConfigurationPlatforms) = postSolution
		{1E0DF885-339B-4582-BFA1-750B09D2402A}.Debug|Any CPU.ActiveCfg = Debug|Any CPU
		{1E0DF885-339B-4582-BFA1-750B09D2402A}.Debug|Any CPU.Build.0 = Debug|Any CPU
		{1E0DF885-339B-4582-BFA1-750B09D2402A}.Release|Any CPU.ActiveCfg = Release|Any CPU
		{1E0DF885-339B-4582-BFA1-750B09D2402A}.Release|Any CPU.Build.0 = Release|Any CPU
		{C9A21F51-6BF0-463D-9004-8E062A75DB3B}.Debug|Any CPU.ActiveCfg = Debug|Any CPU
		{C9A21F51-6BF0-463D-9004-8E062A75DB3B}.Debug|Any CPU.Build.0 = Debug|Any CPU
		{C9A21F51-6BF0-463D-9004-8E062A75DB3B}.Release|Any CPU.ActiveCfg = Release|Any CPU
		{C9A21F51-6BF0-463D-9004-8E062A75DB3B}.Release|Any CPU.Build.0 = Release|Any CPU
		{F70D23AA-0CAC-4962-9C0A-2A687E481D41}.Debug|Any CPU.ActiveCfg = Debug|Any CPU
		{F70D23AA-0CAC-4962-9C0A-2A687E481D41}.Debug|Any CPU.Build.0 = Debug|Any CPU
		{F70D23AA-0CAC-4962-9C0A-2A687E481D41}.Release|Any CPU.ActiveCfg = Release|Any CPU
		{F70D23AA-0CAC-4962-9C0A-2A687E481D41}.Release|Any CPU.Build.0 = Release|Any CPU
		{6FFB6695-A030-4AB3-BA08-D365F676B20C}.Debug|Any CPU.ActiveCfg = Debug|Any CPU
		{6FFB6695-A030-4AB3-BA08-D365F676B20C}.Debug|Any CPU.Build.0 = Debug|Any CPU
		{6FFB6695-A030-4AB3-BA08-D365F676B20C}.Release|Any CPU.ActiveCfg = Release|Any CPU
		{6FFB6695-A030-4AB3-BA08-D365F676B20C}.Release|Any CPU.Build.0 = Release|Any CPU
	EndGlobalSection
	GlobalSection(SolutionProperties) = preSolution
		HideSolutionNode = FALSE
	EndGlobalSection
	GlobalSection(NestedProjects) = preSolution
		{EAA78ECE-E3C2-4881-8C38-EF43C1391D29} = {7A72C242-BB7F-4346-91EA-A73BE06D6FBC}
		{2E5F5686-D31F-44FD-B0A9-A94240067AAF} = {E15D6614-382F-47FF-85FA-F9F21FBF9D94}
		{D0C06357-48C7-4889-8D8B-0FE8B02C9054} = {BE1F89F9-8EBD-4013-B936-78ADCCB26B4F}
		{1E0DF885-339B-4582-BFA1-750B09D2402A} = {EAA78ECE-E3C2-4881-8C38-EF43C1391D29}
		{C9A21F51-6BF0-463D-9004-8E062A75DB3B} = {D0C06357-48C7-4889-8D8B-0FE8B02C9054}
		{F70D23AA-0CAC-4962-9C0A-2A687E481D41} = {2E5F5686-D31F-44FD-B0A9-A94240067AAF}
		{9C94F86B-0690-42C6-9830-D700E4B50DC6} = {5791754B-0D3E-4294-955B-DF85326A0D15}
		{6FFB6695-A030-4AB3-BA08-D365F676B20C} = {9C94F86B-0690-42C6-9830-D700E4B50DC6}
	EndGlobalSection
EndGlobal
